
Microsoft Visual Studio Solution File, Format Version 12.00
# Visual Studio Version 16
VisualStudioVersion = 16.0.29209.152
MinimumVisualStudioVersion = 10.0.40219.1
Project("{FAE04EC0-301F-11D3-BF4B-00C04F79EFBC}") = "BlazorApp1", "BlazorApp1\BlazorApp1.csproj", "{98C24F7F-2F4D-4675-A731-D4BE31CFBA4A}"
EndProject
Project("{FAE04EC0-301F-11D3-BF4B-00C04F79EFBC}") = "ClassLibrary1.ViewModels", "ClassLibrary1.ViewModels\ClassLibrary1.ViewModels.csproj", "{620199E5-E4C9-4791-B83C-61EC7FD7D981}"
EndProject
Project("{FAE04EC0-301F-11D3-BF4B-00C04F79EFBC}") = "ClassLibrary1.Resources", "ClassLibrary1.Resources\ClassLibrary1.Resources.csproj", "{40BAC324-57AC-4C05-874E-16C8B8DF4811}"
EndProject
Global
	GlobalSection(SolutionConfigurationPlatforms) = preSolution
		Debug|Any CPU = Debug|Any CPU
		Release|Any CPU = Release|Any CPU
	EndGlobalSection
	GlobalSection(ProjectConfigurationPlatforms) = postSolution
		{98C24F7F-2F4D-4675-A731-D4BE31CFBA4A}.Debug|Any CPU.ActiveCfg = Debug|Any CPU
		{98C24F7F-2F4D-4675-A731-D4BE31CFBA4A}.Debug|Any CPU.Build.0 = Debug|Any CPU
		{98C24F7F-2F4D-4675-A731-D4BE31CFBA4A}.Release|Any CPU.ActiveCfg = Release|Any CPU
		{98C24F7F-2F4D-4675-A731-D4BE31CFBA4A}.Release|Any CPU.Build.0 = Release|Any CPU
		{620199E5-E4C9-4791-B83C-61EC7FD7D981}.Debug|Any CPU.ActiveCfg = Debug|Any CPU
		{620199E5-E4C9-4791-B83C-61EC7FD7D981}.Debug|Any CPU.Build.0 = Debug|Any CPU
		{620199E5-E4C9-4791-B83C-61EC7FD7D981}.Release|Any CPU.ActiveCfg = Release|Any CPU
		{620199E5-E4C9-4791-B83C-61EC7FD7D981}.Release|Any CPU.Build.0 = Release|Any CPU
		{40BAC324-57AC-4C05-874E-16C8B8DF4811}.Debug|Any CPU.ActiveCfg = Debug|Any CPU
		{40BAC324-57AC-4C05-874E-16C8B8DF4811}.Debug|Any CPU.Build.0 = Debug|Any CPU
		{40BAC324-57AC-4C05-874E-16C8B8DF4811}.Release|Any CPU.ActiveCfg = Release|Any CPU
		{40BAC324-57AC-4C05-874E-16C8B8DF4811}.Release|Any CPU.Build.0 = Release|Any CPU
	EndGlobalSection
	GlobalSection(SolutionProperties) = preSolution
		HideSolutionNode = FALSE
	EndGlobalSection
	GlobalSection(ExtensibilityGlobals) = postSolution
		SolutionGuid = {34A299F3-8763-4182-8B4A-83B64C2E7E05}
	EndGlobalSection
EndGlobal
